
Microsoft Visual Studio Solution File, Format Version 12.00
# Visual Studio Version 17
VisualStudioVersion = 17.4.33213.308
MinimumVisualStudioVersion = 10.0.40219.1
Project("{9A19103F-16F7-4668-BE54-9A1E7A4F7556}") = "ConsoleApp1", "ConsoleApp1\ConsoleApp1.csproj", "{68304E81-D73B-46D7-BE2D-B1A931A36C78}"
EndProject
Project("{FAE04EC0-301F-11D3-BF4B-00C04F79EFBC}") = "DocumentService", "DocumentService\DocumentService.csproj", "{B9F9B150-F0A1-4C66-A28B-D80225D1BD13}"
EndProject
Project("{FAE04EC0-301F-11D3-BF4B-00C04F79EFBC}") = "DataModels", "DataModels\DataModels.csproj", "{A9624BC4-F0C4-46E7-9754-F9FD5DDC8C8F}"
EndProject
Global
	GlobalSection(SolutionConfigurationPlatforms) = preSolution
		Debug|Any CPU = Debug|Any CPU
		Release|Any CPU = Release|Any CPU
	EndGlobalSection
	GlobalSection(ProjectConfigurationPlatforms) = postSolution
		{68304E81-D73B-46D7-BE2D-B1A931A36C78}.Debug|Any CPU.ActiveCfg = Debug|Any CPU
		{68304E81-D73B-46D7-BE2D-B1A931A36C78}.Debug|Any CPU.Build.0 = Debug|Any CPU
		{68304E81-D73B-46D7-BE2D-B1A931A36C78}.Release|Any CPU.ActiveCfg = Release|Any CPU
		{68304E81-D73B-46D7-BE2D-B1A931A36C78}.Release|Any CPU.Build.0 = Release|Any CPU
		{B9F9B150-F0A1-4C66-A28B-D80225D1BD13}.Debug|Any CPU.ActiveCfg = Debug|Any CPU
		{B9F9B150-F0A1-4C66-A28B-D80225D1BD13}.Debug|Any CPU.Build.0 = Debug|Any CPU
		{B9F9B150-F0A1-4C66-A28B-D80225D1BD13}.Release|Any CPU.ActiveCfg = Release|Any CPU
		{B9F9B150-F0A1-4C66-A28B-D80225D1BD13}.Release|Any CPU.Build.0 = Release|Any CPU
		{A9624BC4-F0C4-46E7-9754-F9FD5DDC8C8F}.Debug|Any CPU.ActiveCfg = Debug|Any CPU
		{A9624BC4-F0C4-46E7-9754-F9FD5DDC8C8F}.Debug|Any CPU.Build.0 = Debug|Any CPU
		{A9624BC4-F0C4-46E7-9754-F9FD5DDC8C8F}.Release|Any CPU.ActiveCfg = Release|Any CPU
		{A9624BC4-F0C4-46E7-9754-F9FD5DDC8C8F}.Release|Any CPU.Build.0 = Release|Any CPU
	EndGlobalSection
	GlobalSection(SolutionProperties) = preSolution
		HideSolutionNode = FALSE
	EndGlobalSection
	GlobalSection(ExtensibilityGlobals) = postSolution
		SolutionGuid = {970C1239-97A7-4056-A8BC-9D1D7D01CACD}
	EndGlobalSection
EndGlobal
